
Microsoft Visual Studio Solution File, Format Version 12.00
# Visual Studio Version 17
VisualStudioVersion = 17.14.36301.6 d17.14
MinimumVisualStudioVersion = 10.0.40219.1
Project("{FAE04EC0-301F-11D3-BF4B-00C04F79EFBC}") = "CinemaTicketBookingSystem.API", "CinemaTicketBookingSystem.API\CinemaTicketBookingSystem.API.csproj", "{B90BB0E7-5A4E-4FAC-B515-2A40E88F6A5B}"
EndProject
Project("{FAE04EC0-301F-11D3-BF4B-00C04F79EFBC}") = "CinemaTicketBookingSystem.Core", "CinemaTicketBookingSystem.Core\CinemaTicketBookingSystem.Core.csproj", "{0FFEA772-7ABC-4C17-BF1F-102909284C0C}"
EndProject
Project("{FAE04EC0-301F-11D3-BF4B-00C04F79EFBC}") = "CinemaTicketBookingSystem.Service", "CinemaTicketBookingSystem.Service\CinemaTicketBookingSystem.Service.csproj", "{FABBE429-9790-4F28-BACD-C0CBAEFE3D32}"
EndProject
Project("{FAE04EC0-301F-11D3-BF4B-00C04F79EFBC}") = "CinemaTicketBookingSystem.Infrastructure", "CinemaTicketBookingSystem.Infrastructure\CinemaTicketBookingSystem.Infrastructure.csproj", "{07BA7F3A-F73A-4137-8950-CFF65B4169F8}"
EndProject
Project("{FAE04EC0-301F-11D3-BF4B-00C04F79EFBC}") = "CinemaTicketBookingSystem.Data", "CinemaTicketBookingSystem.Data\CinemaTicketBookingSystem.Data.csproj", "{B2E4EA55-2FD8-467E-8840-4853C6F5ECA3}"
EndProject
Global
	GlobalSection(SolutionConfigurationPlatforms) = preSolution
		Debug|Any CPU = Debug|Any CPU
		Release|Any CPU = Release|Any CPU
	EndGlobalSection
	GlobalSection(ProjectConfigurationPlatforms) = postSolution
		{B90BB0E7-5A4E-4FAC-B515-2A40E88F6A5B}.Debug|Any CPU.ActiveCfg = Debug|Any CPU
		{B90BB0E7-5A4E-4FAC-B515-2A40E88F6A5B}.Debug|Any CPU.Build.0 = Debug|Any CPU
		{B90BB0E7-5A4E-4FAC-B515-2A40E88F6A5B}.Release|Any CPU.ActiveCfg = Release|Any CPU
		{B90BB0E7-5A4E-4FAC-B515-2A40E88F6A5B}.Release|Any CPU.Build.0 = Release|Any CPU
		{0FFEA772-7ABC-4C17-BF1F-102909284C0C}.Debug|Any CPU.ActiveCfg = Debug|Any CPU
		{0FFEA772-7ABC-4C17-BF1F-102909284C0C}.Debug|Any CPU.Build.0 = Debug|Any CPU
		{0FFEA772-7ABC-4C17-BF1F-102909284C0C}.Release|Any CPU.ActiveCfg = Release|Any CPU
		{0FFEA772-7ABC-4C17-BF1F-102909284C0C}.Release|Any CPU.Build.0 = Release|Any CPU
		{FABBE429-9790-4F28-BACD-C0CBAEFE3D32}.Debug|Any CPU.ActiveCfg = Debug|Any CPU
		{FABBE429-9790-4F28-BACD-C0CBAEFE3D32}.Debug|Any CPU.Build.0 = Debug|Any CPU
		{FABBE429-9790-4F28-BACD-C0CBAEFE3D32}.Release|Any CPU.ActiveCfg = Release|Any CPU
		{FABBE429-9790-4F28-BACD-C0CBAEFE3D32}.Release|Any CPU.Build.0 = Release|Any CPU
		{07BA7F3A-F73A-4137-8950-CFF65B4169F8}.Debug|Any CPU.ActiveCfg = Debug|Any CPU
		{07BA7F3A-F73A-4137-8950-CFF65B4169F8}.Debug|Any CPU.Build.0 = Debug|Any CPU
		{07BA7F3A-F73A-4137-8950-CFF65B4169F8}.Release|Any CPU.ActiveCfg = Release|Any CPU
		{07BA7F3A-F73A-4137-8950-CFF65B4169F8}.Release|Any CPU.Build.0 = Release|Any CPU
		{B2E4EA55-2FD8-467E-8840-4853C6F5ECA3}.Debug|Any CPU.ActiveCfg = Debug|Any CPU
		{B2E4EA55-2FD8-467E-8840-4853C6F5ECA3}.Debug|Any CPU.Build.0 = Debug|Any CPU
		{B2E4EA55-2FD8-467E-8840-4853C6F5ECA3}.Release|Any CPU.ActiveCfg = Release|Any CPU
		{B2E4EA55-2FD8-467E-8840-4853C6F5ECA3}.Release|Any CPU.Build.0 = Release|Any CPU
	EndGlobalSection
	GlobalSection(SolutionProperties) = preSolution
		HideSolutionNode = FALSE
	EndGlobalSection
	GlobalSection(ExtensibilityGlobals) = postSolution
		SolutionGuid = {4B8C7E4A-D149-4CA2-86AC-9CCE1539CFAD}
	EndGlobalSection
EndGlobal
